
Microsoft Visual Studio Solution File, Format Version 12.00
# Visual Studio Version 16
VisualStudioVersion = 16.0.29424.173
MinimumVisualStudioVersion = 10.0.40219.1
Project("{888888A0-9F3D-457C-B088-3A5042F75D52}") = "PythonExamples", "PythonExamples.pyproj", "{90DF79B3-B791-4BF9-BCBD-37BDEF52F893}"
EndProject
Global
	GlobalSection(SolutionConfigurationPlatforms) = preSolution
		Debug|Any CPU = Debug|Any CPU
		Release|Any CPU = Release|Any CPU
	EndGlobalSection
	GlobalSection(ProjectConfigurationPlatforms) = postSolution
		{90DF79B3-B791-4BF9-BCBD-37BDEF52F893}.Debug|Any CPU.ActiveCfg = Debug|Any CPU
		{90DF79B3-B791-4BF9-BCBD-37BDEF52F893}.Release|Any CPU.ActiveCfg = Release|Any CPU
	EndGlobalSection
	GlobalSection(SolutionProperties) = preSolution
		HideSolutionNode = FALSE
	EndGlobalSection
	GlobalSection(ExtensibilityGlobals) = postSolution
		SolutionGuid = {EBC3902A-545D-4589-9F22-9E361475422C}
	EndGlobalSection
EndGlobal
